// !$*UTF8*$!
{
	archiveVersion = 1;
	classes = {
	};
	objectVersion = 55;
	objects = {

/* Begin PBXBuildFile section */
		11976A86275D2FAD00784E9F /* fruktolandApp.swift in Sources */ = {isa = PBXBuildFile; fileRef = 11976A85275D2FAD00784E9F /* fruktolandApp.swift */; };
		11976A8A275D2FAE00784E9F /* Assets.xcassets in Resources */ = {isa = PBXBuildFile; fileRef = 11976A89275D2FAE00784E9F /* Assets.xcassets */; };
		11976A8D275D2FAE00784E9F /* Preview Assets.xcassets in Resources */ = {isa = PBXBuildFile; fileRef = 11976A8C275D2FAE00784E9F /* Preview Assets.xcassets */; };
		11976A96275D302C00784E9F /* Constants.swift in Sources */ = {isa = PBXBuildFile; fileRef = 11976A95275D302C00784E9F /* Constants.swift */; };
		11976A98275D304400784E9F /* TabItemEnum.swift in Sources */ = {isa = PBXBuildFile; fileRef = 11976A97275D304400784E9F /* TabItemEnum.swift */; };
		11976A9C275D306C00784E9F /* ApiInteractor.swift in Sources */ = {isa = PBXBuildFile; fileRef = 11976A9B275D306C00784E9F /* ApiInteractor.swift */; };
		11976A9E275D309400784E9F /* DataBaseInteractor.swift in Sources */ = {isa = PBXBuildFile; fileRef = 11976A9D275D309400784E9F /* DataBaseInteractor.swift */; };
		11976AA1275D30B800784E9F /* GoodsViewModel.swift in Sources */ = {isa = PBXBuildFile; fileRef = 11976AA0275D30B800784E9F /* GoodsViewModel.swift */; };
		11976AA6275D30EF00784E9F /* GoodsItem.swift in Sources */ = {isa = PBXBuildFile; fileRef = 11976AA5275D30EF00784E9F /* GoodsItem.swift */; };
		11976AA8275D311200784E9F /* CatalogItem.swift in Sources */ = {isa = PBXBuildFile; fileRef = 11976AA7275D311200784E9F /* CatalogItem.swift */; };
		11976AAA275D312F00784E9F /* CatalogsDto.swift in Sources */ = {isa = PBXBuildFile; fileRef = 11976AA9275D312F00784E9F /* CatalogsDto.swift */; };
		11976AAC275D314400784E9F /* GoodsItemDto.swift in Sources */ = {isa = PBXBuildFile; fileRef = 11976AAB275D314400784E9F /* GoodsItemDto.swift */; };
		11976AB0275D318800784E9F /* ImageLoader.swift in Sources */ = {isa = PBXBuildFile; fileRef = 11976AAF275D318800784E9F /* ImageLoader.swift */; };
		11976AB2275D31A400784E9F /* TabItem.swift in Sources */ = {isa = PBXBuildFile; fileRef = 11976AB1275D31A400784E9F /* TabItem.swift */; };
		11976AB4275D31E000784E9F /* AsyncImage.swift in Sources */ = {isa = PBXBuildFile; fileRef = 11976AB3275D31E000784E9F /* AsyncImage.swift */; };
		11976AB9275D322300784E9F /* GoodItemView.swift in Sources */ = {isa = PBXBuildFile; fileRef = 11976AB8275D322300784E9F /* GoodItemView.swift */; };
		11976ABC275D324800784E9F /* CatalogItemView.swift in Sources */ = {isa = PBXBuildFile; fileRef = 11976ABB275D324800784E9F /* CatalogItemView.swift */; };
		11976ABE275D326000784E9F /* CatalogListView.swift in Sources */ = {isa = PBXBuildFile; fileRef = 11976ABD275D326000784E9F /* CatalogListView.swift */; };
		11976AC0275D327D00784E9F /* CatalogItemsList.swift in Sources */ = {isa = PBXBuildFile; fileRef = 11976ABF275D327D00784E9F /* CatalogItemsList.swift */; };
		11976AC2275D329C00784E9F /* FruktoLandMainView.swift in Sources */ = {isa = PBXBuildFile; fileRef = 11976AC1275D329C00784E9F /* FruktoLandMainView.swift */; };
		11976AC4275D32B400784E9F /* HomeItemViewBasket.swift in Sources */ = {isa = PBXBuildFile; fileRef = 11976AC3275D32B400784E9F /* HomeItemViewBasket.swift */; };
		11976AC7275D32CE00784E9F /* HomeItemViewGoods.swift in Sources */ = {isa = PBXBuildFile; fileRef = 11976AC6275D32CE00784E9F /* HomeItemViewGoods.swift */; };
		11C1AFBD2767DCD300229D1C /* FruktoLandModel.xcdatamodeld in Sources */ = {isa = PBXBuildFile; fileRef = 11C1AFBB2767DCD300229D1C /* FruktoLandModel.xcdatamodeld */; };
		11C1AFE12767E10F00229D1C /* FruktoLandPersistenceController.swift in Sources */ = {isa = PBXBuildFile; fileRef = 11C1AFE02767E10F00229D1C /* FruktoLandPersistenceController.swift */; };
		11C1AFE32767EAC500229D1C /* BasketViewModel.swift in Sources */ = {isa = PBXBuildFile; fileRef = 11C1AFE22767EAC500229D1C /* BasketViewModel.swift */; };
		11C1AFE62767EEB300229D1C /* GoodsExtension.swift in Sources */ = {isa = PBXBuildFile; fileRef = 11C1AFE52767EEB200229D1C /* GoodsExtension.swift */; };
		2368DB1C1C3A5408010ADD99 /* Pods_fruktoland.framework in Frameworks */ = {isa = PBXBuildFile; fileRef = 069AD3F6B18326EA6E7F9F55 /* Pods_fruktoland.framework */; };
/* End PBXBuildFile section */

/* Begin PBXFileReference section */
		069AD3F6B18326EA6E7F9F55 /* Pods_fruktoland.framework */ = {isa = PBXFileReference; explicitFileType = wrapper.framework; includeInIndex = 0; path = Pods_fruktoland.framework; sourceTree = BUILT_PRODUCTS_DIR; };
		11976A82275D2FAD00784E9F /* fruktoland.app */ = {isa = PBXFileReference; explicitFileType = wrapper.application; includeInIndex = 0; path = fruktoland.app; sourceTree = BUILT_PRODUCTS_DIR; };
		11976A85275D2FAD00784E9F /* fruktolandApp.swift */ = {isa = PBXFileReference; lastKnownFileType = sourcecode.swift; path = fruktolandApp.swift; sourceTree = "<group>"; };
		11976A89275D2FAE00784E9F /* Assets.xcassets */ = {isa = PBXFileReference; lastKnownFileType = folder.assetcatalog; path = Assets.xcassets; sourceTree = "<group>"; };
		11976A8C275D2FAE00784E9F /* Preview Assets.xcassets */ = {isa = PBXFileReference; lastKnownFileType = folder.assetcatalog; path = "Preview Assets.xcassets"; sourceTree = "<group>"; };
		11976A95275D302C00784E9F /* Constants.swift */ = {isa = PBXFileReference; lastKnownFileType = sourcecode.swift; path = Constants.swift; sourceTree = "<group>"; };
		11976A97275D304400784E9F /* TabItemEnum.swift */ = {isa = PBXFileReference; lastKnownFileType = sourcecode.swift; path = TabItemEnum.swift; sourceTree = "<group>"; };
		11976A9B275D306C00784E9F /* ApiInteractor.swift */ = {isa = PBXFileReference; lastKnownFileType = sourcecode.swift; path = ApiInteractor.swift; sourceTree = "<group>"; };
		11976A9D275D309400784E9F /* DataBaseInteractor.swift */ = {isa = PBXFileReference; lastKnownFileType = sourcecode.swift; path = DataBaseInteractor.swift; sourceTree = "<group>"; };
		11976AA0275D30B800784E9F /* GoodsViewModel.swift */ = {isa = PBXFileReference; lastKnownFileType = sourcecode.swift; path = GoodsViewModel.swift; sourceTree = "<group>"; };
		11976AA5275D30EF00784E9F /* GoodsItem.swift */ = {isa = PBXFileReference; lastKnownFileType = sourcecode.swift; path = GoodsItem.swift; sourceTree = "<group>"; };
		11976AA7275D311200784E9F /* CatalogItem.swift */ = {isa = PBXFileReference; lastKnownFileType = sourcecode.swift; path = CatalogItem.swift; sourceTree = "<group>"; };
		11976AA9275D312F00784E9F /* CatalogsDto.swift */ = {isa = PBXFileReference; lastKnownFileType = sourcecode.swift; path = CatalogsDto.swift; sourceTree = "<group>"; };
		11976AAB275D314400784E9F /* GoodsItemDto.swift */ = {isa = PBXFileReference; lastKnownFileType = sourcecode.swift; path = GoodsItemDto.swift; sourceTree = "<group>"; };
		11976AAF275D318800784E9F /* ImageLoader.swift */ = {isa = PBXFileReference; lastKnownFileType = sourcecode.swift; path = ImageLoader.swift; sourceTree = "<group>"; };
		11976AB1275D31A400784E9F /* TabItem.swift */ = {isa = PBXFileReference; lastKnownFileType = sourcecode.swift; path = TabItem.swift; sourceTree = "<group>"; };
		11976AB3275D31E000784E9F /* AsyncImage.swift */ = {isa = PBXFileReference; lastKnownFileType = sourcecode.swift; path = AsyncImage.swift; sourceTree = "<group>"; };
		11976AB8275D322300784E9F /* GoodItemView.swift */ = {isa = PBXFileReference; lastKnownFileType = sourcecode.swift; path = GoodItemView.swift; sourceTree = "<group>"; };
		11976ABB275D324800784E9F /* CatalogItemView.swift */ = {isa = PBXFileReference; lastKnownFileType = sourcecode.swift; path = CatalogItemView.swift; sourceTree = "<group>"; };
		11976ABD275D326000784E9F /* CatalogListView.swift */ = {isa = PBXFileReference; lastKnownFileType = sourcecode.swift; path = CatalogListView.swift; sourceTree = "<group>"; };
		11976ABF275D327D00784E9F /* CatalogItemsList.swift */ = {isa = PBXFileReference; lastKnownFileType = sourcecode.swift; path = CatalogItemsList.swift; sourceTree = "<group>"; };
		11976AC1275D329C00784E9F /* FruktoLandMainView.swift */ = {isa = PBXFileReference; lastKnownFileType = sourcecode.swift; path = FruktoLandMainView.swift; sourceTree = "<group>"; };
		11976AC3275D32B400784E9F /* HomeItemViewBasket.swift */ = {isa = PBXFileReference; lastKnownFileType = sourcecode.swift; path = HomeItemViewBasket.swift; sourceTree = "<group>"; };
		11976AC6275D32CE00784E9F /* HomeItemViewGoods.swift */ = {isa = PBXFileReference; lastKnownFileType = sourcecode.swift; path = HomeItemViewGoods.swift; sourceTree = "<group>"; };
		11C1AFBC2767DCD300229D1C /* FruktoLandModel.xcdatamodel */ = {isa = PBXFileReference; lastKnownFileType = wrapper.xcdatamodel; path = FruktoLandModel.xcdatamodel; sourceTree = "<group>"; };
		11C1AFE02767E10F00229D1C /* FruktoLandPersistenceController.swift */ = {isa = PBXFileReference; lastKnownFileType = sourcecode.swift; path = FruktoLandPersistenceController.swift; sourceTree = "<group>"; };
		11C1AFE22767EAC500229D1C /* BasketViewModel.swift */ = {isa = PBXFileReference; lastKnownFileType = sourcecode.swift; path = BasketViewModel.swift; sourceTree = "<group>"; };
		11C1AFE52767EEB200229D1C /* GoodsExtension.swift */ = {isa = PBXFileReference; lastKnownFileType = sourcecode.swift; path = GoodsExtension.swift; sourceTree = "<group>"; };
		5E65B9D82049B6DECD341911 /* Pods-fruktoland.release.xcconfig */ = {isa = PBXFileReference; includeInIndex = 1; lastKnownFileType = text.xcconfig; name = "Pods-fruktoland.release.xcconfig"; path = "Target Support Files/Pods-fruktoland/Pods-fruktoland.release.xcconfig"; sourceTree = "<group>"; };
		E0B56A052FABE0EF007ABB09 /* Pods-fruktoland.debug.xcconfig */ = {isa = PBXFileReference; includeInIndex = 1; lastKnownFileType = text.xcconfig; name = "Pods-fruktoland.debug.xcconfig"; path = "Target Support Files/Pods-fruktoland/Pods-fruktoland.debug.xcconfig"; sourceTree = "<group>"; };
/* End PBXFileReference section */

/* Begin PBXFrameworksBuildPhase section */
		11976A7F275D2FAD00784E9F /* Frameworks */ = {
			isa = PBXFrameworksBuildPhase;
			buildActionMask = 2147483647;
			files = (
				2368DB1C1C3A5408010ADD99 /* Pods_fruktoland.framework in Frameworks */,
			);
			runOnlyForDeploymentPostprocessing = 0;
		};
/* End PBXFrameworksBuildPhase section */

/* Begin PBXGroup section */
		11976A79275D2FAD00784E9F = {
			isa = PBXGroup;
			children = (
				11976A84275D2FAD00784E9F /* fruktoland */,
				11976A83275D2FAD00784E9F /* Products */,
				CC81F29976696F358B8EEF37 /* Pods */,
				824F7719F26F3066A670FCAA /* Frameworks */,
			);
			sourceTree = "<group>";
		};
		11976A83275D2FAD00784E9F /* Products */ = {
			isa = PBXGroup;
			children = (
				11976A82275D2FAD00784E9F /* fruktoland.app */,
			);
			name = Products;
			sourceTree = "<group>";
		};
		11976A84275D2FAD00784E9F /* fruktoland */ = {
			isa = PBXGroup;
			children = (
				11C1AFE42767EE9C00229D1C /* extansions */,
				11976AAD275D316300784E9F /* view */,
				11976AA2275D30C900784E9F /* data */,
				11976A9F275D30A900784E9F /* viewmodel */,
				11976A99275D305700784E9F /* interactor */,
				11976A94275D2FCE00784E9F /* common */,
				11976A85275D2FAD00784E9F /* fruktolandApp.swift */,
				11976A89275D2FAE00784E9F /* Assets.xcassets */,
				11976A8B275D2FAE00784E9F /* Preview Content */,
				11C1AFBB2767DCD300229D1C /* FruktoLandModel.xcdatamodeld */,
			);
			path = fruktoland;
			sourceTree = "<group>";
		};
		11976A8B275D2FAE00784E9F /* Preview Content */ = {
			isa = PBXGroup;
			children = (
				11976A8C275D2FAE00784E9F /* Preview Assets.xcassets */,
			);
			path = "Preview Content";
			sourceTree = "<group>";
		};
		11976A94275D2FCE00784E9F /* common */ = {
			isa = PBXGroup;
			children = (
				11976A95275D302C00784E9F /* Constants.swift */,
				11976A97275D304400784E9F /* TabItemEnum.swift */,
			);
			path = common;
			sourceTree = "<group>";
		};
		11976A99275D305700784E9F /* interactor */ = {
			isa = PBXGroup;
			children = (
				11976A9B275D306C00784E9F /* ApiInteractor.swift */,
				11976AAF275D318800784E9F /* ImageLoader.swift */,
				11976A9D275D309400784E9F /* DataBaseInteractor.swift */,
			);
			path = interactor;
			sourceTree = "<group>";
		};
		11976A9F275D30A900784E9F /* viewmodel */ = {
			isa = PBXGroup;
			children = (
				11976AA0275D30B800784E9F /* GoodsViewModel.swift */,
				11C1AFE22767EAC500229D1C /* BasketViewModel.swift */,
			);
			path = viewmodel;
			sourceTree = "<group>";
		};
		11976AA2275D30C900784E9F /* data */ = {
			isa = PBXGroup;
			children = (
				11C1AFDF2767E0F500229D1C /* controll */,
				11976AA4275D30DD00784E9F /* dto */,
				11976AA3275D30D400784E9F /* models */,
			);
			path = data;
			sourceTree = "<group>";
		};
		11976AA3275D30D400784E9F /* models */ = {
			isa = PBXGroup;
			children = (
				11976AA5275D30EF00784E9F /* GoodsItem.swift */,
				11976AA7275D311200784E9F /* CatalogItem.swift */,
			);
			path = models;
			sourceTree = "<group>";
		};
		11976AA4275D30DD00784E9F /* dto */ = {
			isa = PBXGroup;
			children = (
				11976AA9275D312F00784E9F /* CatalogsDto.swift */,
				11976AAB275D314400784E9F /* GoodsItemDto.swift */,
			);
			path = dto;
			sourceTree = "<group>";
		};
		11976AAD275D316300784E9F /* view */ = {
			isa = PBXGroup;
			children = (
				11976ABA275D323600784E9F /* catalog */,
				11976AB5275D31F500784E9F /* goods */,
				11976AAE275D316D00784E9F /* common */,
				11976AC1275D329C00784E9F /* FruktoLandMainView.swift */,
				11976AC3275D32B400784E9F /* HomeItemViewBasket.swift */,
				11976AC6275D32CE00784E9F /* HomeItemViewGoods.swift */,
			);
			path = view;
			sourceTree = "<group>";
		};
		11976AAE275D316D00784E9F /* common */ = {
			isa = PBXGroup;
			children = (
				11976AB1275D31A400784E9F /* TabItem.swift */,
				11976AB3275D31E000784E9F /* AsyncImage.swift */,
			);
			path = common;
			sourceTree = "<group>";
		};
		11976AB5275D31F500784E9F /* goods */ = {
			isa = PBXGroup;
			children = (
				11976AB8275D322300784E9F /* GoodItemView.swift */,
			);
			path = goods;
			sourceTree = "<group>";
		};
		11976ABA275D323600784E9F /* catalog */ = {
			isa = PBXGroup;
			children = (
				11976ABB275D324800784E9F /* CatalogItemView.swift */,
				11976ABD275D326000784E9F /* CatalogListView.swift */,
				11976ABF275D327D00784E9F /* CatalogItemsList.swift */,
			);
			path = catalog;
			sourceTree = "<group>";
		};
		11C1AFDF2767E0F500229D1C /* controll */ = {
			isa = PBXGroup;
			children = (
				11C1AFE02767E10F00229D1C /* FruktoLandPersistenceController.swift */,
			);
			path = controll;
			sourceTree = "<group>";
		};
		11C1AFE42767EE9C00229D1C /* extansions */ = {
			isa = PBXGroup;
			children = (
				11C1AFE52767EEB200229D1C /* GoodsExtension.swift */,
			);
			path = extansions;
			sourceTree = "<group>";
		};
		824F7719F26F3066A670FCAA /* Frameworks */ = {
			isa = PBXGroup;
			children = (
				069AD3F6B18326EA6E7F9F55 /* Pods_fruktoland.framework */,
			);
			name = Frameworks;
			sourceTree = "<group>";
		};
		CC81F29976696F358B8EEF37 /* Pods */ = {
			isa = PBXGroup;
			children = (
				E0B56A052FABE0EF007ABB09 /* Pods-fruktoland.debug.xcconfig */,
				5E65B9D82049B6DECD341911 /* Pods-fruktoland.release.xcconfig */,
			);
			path = Pods;
			sourceTree = "<group>";
		};
/* End PBXGroup section */

/* Begin PBXNativeTarget section */
		11976A81275D2FAD00784E9F /* fruktoland */ = {
			isa = PBXNativeTarget;
			buildConfigurationList = 11976A90275D2FAE00784E9F /* Build configuration list for PBXNativeTarget "fruktoland" */;
			buildPhases = (
				BB8D9C899E57235213AA963C /* [CP] Check Pods Manifest.lock */,
				11976A7E275D2FAD00784E9F /* Sources */,
				11976A7F275D2FAD00784E9F /* Frameworks */,
				11976A80275D2FAD00784E9F /* Resources */,
				877D36BDEBC222928E85AB0D /* [CP] Embed Pods Frameworks */,
			);
			buildRules = (
			);
			dependencies = (
			);
			name = fruktoland;
			productName = fruktoland;
			productReference = 11976A82275D2FAD00784E9F /* fruktoland.app */;
			productType = "com.apple.product-type.application";
		};
/* End PBXNativeTarget section */

/* Begin PBXProject section */
		11976A7A275D2FAD00784E9F /* Project object */ = {
			isa = PBXProject;
			attributes = {
				BuildIndependentTargetsInParallel = 1;
				LastSwiftUpdateCheck = 1310;
				LastUpgradeCheck = 1310;
				TargetAttributes = {
					11976A81275D2FAD00784E9F = {
						CreatedOnToolsVersion = 13.1;
					};
				};
			};
			buildConfigurationList = 11976A7D275D2FAD00784E9F /* Build configuration list for PBXProject "fruktoland" */;
			compatibilityVersion = "Xcode 13.0";
			developmentRegion = en;
			hasScannedForEncodings = 0;
			knownRegions = (
				en,
				Base,
			);
			mainGroup = 11976A79275D2FAD00784E9F;
			productRefGroup = 11976A83275D2FAD00784E9F /* Products */;
			projectDirPath = "";
			projectRoot = "";
			targets = (
				11976A81275D2FAD00784E9F /* fruktoland */,
			);
		};
/* End PBXProject section */

/* Begin PBXResourcesBuildPhase section */
		11976A80275D2FAD00784E9F /* Resources */ = {
			isa = PBXResourcesBuildPhase;
			buildActionMask = 2147483647;
			files = (
				11976A8D275D2FAE00784E9F /* Preview Assets.xcassets in Resources */,
				11976A8A275D2FAE00784E9F /* Assets.xcassets in Resources */,
			);
			runOnlyForDeploymentPostprocessing = 0;
		};
/* End PBXResourcesBuildPhase section */

/* Begin PBXShellScriptBuildPhase section */
		877D36BDEBC222928E85AB0D /* [CP] Embed Pods Frameworks */ = {
			isa = PBXShellScriptBuildPhase;
			buildActionMask = 2147483647;
			files = (
			);
			inputFileListPaths = (
				"${PODS_ROOT}/Target Support Files/Pods-fruktoland/Pods-fruktoland-frameworks-${CONFIGURATION}-input-files.xcfilelist",
			);
			name = "[CP] Embed Pods Frameworks";
			outputFileListPaths = (
				"${PODS_ROOT}/Target Support Files/Pods-fruktoland/Pods-fruktoland-frameworks-${CONFIGURATION}-output-files.xcfilelist",
			);
			runOnlyForDeploymentPostprocessing = 0;
			shellPath = /bin/sh;
			shellScript = "\"${PODS_ROOT}/Target Support Files/Pods-fruktoland/Pods-fruktoland-frameworks.sh\"\n";
			showEnvVarsInLog = 0;
		};
		BB8D9C899E57235213AA963C /* [CP] Check Pods Manifest.lock */ = {
			isa = PBXShellScriptBuildPhase;
			buildActionMask = 2147483647;
			files = (
			);
			inputFileListPaths = (
			);
			inputPaths = (
				"${PODS_PODFILE_DIR_PATH}/Podfile.lock",
				"${PODS_ROOT}/Manifest.lock",
			);
			name = "[CP] Check Pods Manifest.lock";
			outputFileListPaths = (
			);
			outputPaths = (
				"$(DERIVED_FILE_DIR)/Pods-fruktoland-checkManifestLockResult.txt",
			);
			runOnlyForDeploymentPostprocessing = 0;
			shellPath = /bin/sh;
			shellScript = "diff \"${PODS_PODFILE_DIR_PATH}/Podfile.lock\" \"${PODS_ROOT}/Manifest.lock\" > /dev/null\nif [ $? != 0 ] ; then\n    # print error to STDERR\n    echo \"error: The sandbox is not in sync with the Podfile.lock. Run 'pod install' or update your CocoaPods installation.\" >&2\n    exit 1\nfi\n# This output is used by Xcode 'outputs' to avoid re-running this script phase.\necho \"SUCCESS\" > \"${SCRIPT_OUTPUT_FILE_0}\"\n";
			showEnvVarsInLog = 0;
		};
/* End PBXShellScriptBuildPhase section */

/* Begin PBXSourcesBuildPhase section */
		11976A7E275D2FAD00784E9F /* Sources */ = {
			isa = PBXSourcesBuildPhase;
			buildActionMask = 2147483647;
			files = (
				11976AB9275D322300784E9F /* GoodItemView.swift in Sources */,
				11976AB4275D31E000784E9F /* AsyncImage.swift in Sources */,
				11976AAC275D314400784E9F /* GoodsItemDto.swift in Sources */,
				11C1AFBD2767DCD300229D1C /* FruktoLandModel.xcdatamodeld in Sources */,
				11976AB0275D318800784E9F /* ImageLoader.swift in Sources */,
				11976A86275D2FAD00784E9F /* fruktolandApp.swift in Sources */,
				11976A96275D302C00784E9F /* Constants.swift in Sources */,
				11976AA8275D311200784E9F /* CatalogItem.swift in Sources */,
				11976AC2275D329C00784E9F /* FruktoLandMainView.swift in Sources */,
				11C1AFE12767E10F00229D1C /* FruktoLandPersistenceController.swift in Sources */,
				11976AB2275D31A400784E9F /* TabItem.swift in Sources */,
				11976ABE275D326000784E9F /* CatalogListView.swift in Sources */,
				11C1AFE62767EEB300229D1C /* GoodsExtension.swift in Sources */,
				11976A9C275D306C00784E9F /* ApiInteractor.swift in Sources */,
				11976ABC275D324800784E9F /* CatalogItemView.swift in Sources */,
				11976A98275D304400784E9F /* TabItemEnum.swift in Sources */,
				11976AA6275D30EF00784E9F /* GoodsItem.swift in Sources */,
				11976AC0275D327D00784E9F /* CatalogItemsList.swift in Sources */,
				11976AC7275D32CE00784E9F /* HomeItemViewGoods.swift in Sources */,
				11976AA1275D30B800784E9F /* GoodsViewModel.swift in Sources */,
				11976AC4275D32B400784E9F /* HomeItemViewBasket.swift in Sources */,
				11976A9E275D309400784E9F /* DataBaseInteractor.swift in Sources */,
				11C1AFE32767EAC500229D1C /* BasketViewModel.swift in Sources */,
				11976AAA275D312F00784E9F /* CatalogsDto.swift in Sources */,
			);
			runOnlyForDeploymentPostprocessing = 0;
		};
/* End PBXSourcesBuildPhase section */

/* Begin XCBuildConfiguration section */
		11976A8E275D2FAE00784E9F /* Debug */ = {
			isa = XCBuildConfiguration;
			buildSettings = {
				ALWAYS_SEARCH_USER_PATHS = NO;
				CLANG_ANALYZER_NONNULL = YES;
				CLANG_ANALYZER_NUMBER_OBJECT_CONVERSION = YES_AGGRESSIVE;
				CLANG_CXX_LANGUAGE_STANDARD = "gnu++17";
				CLANG_CXX_LIBRARY = "libc++";
				CLANG_ENABLE_MODULES = YES;
				CLANG_ENABLE_OBJC_ARC = YES;
				CLANG_ENABLE_OBJC_WEAK = YES;
				CLANG_WARN_BLOCK_CAPTURE_AUTORELEASING = YES;
				CLANG_WARN_BOOL_CONVERSION = YES;
				CLANG_WARN_COMMA = YES;
				CLANG_WARN_CONSTANT_CONVERSION = YES;
				CLANG_WARN_DEPRECATED_OBJC_IMPLEMENTATIONS = YES;
				CLANG_WARN_DIRECT_OBJC_ISA_USAGE = YES_ERROR;
				CLANG_WARN_DOCUMENTATION_COMMENTS = YES;
				CLANG_WARN_EMPTY_BODY = YES;
				CLANG_WARN_ENUM_CONVERSION = YES;
				CLANG_WARN_INFINITE_RECURSION = YES;
				CLANG_WARN_INT_CONVERSION = YES;
				CLANG_WARN_NON_LITERAL_NULL_CONVERSION = YES;
				CLANG_WARN_OBJC_IMPLICIT_RETAIN_SELF = YES;
				CLANG_WARN_OBJC_LITERAL_CONVERSION = YES;
				CLANG_WARN_OBJC_ROOT_CLASS = YES_ERROR;
				CLANG_WARN_QUOTED_INCLUDE_IN_FRAMEWORK_HEADER = YES;
				CLANG_WARN_RANGE_LOOP_ANALYSIS = YES;
				CLANG_WARN_STRICT_PROTOTYPES = YES;
				CLANG_WARN_SUSPICIOUS_MOVE = YES;
				CLANG_WARN_UNGUARDED_AVAILABILITY = YES_AGGRESSIVE;
				CLANG_WARN_UNREACHABLE_CODE = YES;
				CLANG_WARN__DUPLICATE_METHOD_MATCH = YES;
				COPY_PHASE_STRIP = NO;
				DEBUG_INFORMATION_FORMAT = dwarf;
				ENABLE_STRICT_OBJC_MSGSEND = YES;
				ENABLE_TESTABILITY = YES;
				GCC_C_LANGUAGE_STANDARD = gnu11;
				GCC_DYNAMIC_NO_PIC = NO;
				GCC_NO_COMMON_BLOCKS = YES;
				GCC_OPTIMIZATION_LEVEL = 0;
				GCC_PREPROCESSOR_DEFINITIONS = (
					"DEBUG=1",
					"$(inherited)",
				);
				GCC_WARN_64_TO_32_BIT_CONVERSION = YES;
				GCC_WARN_ABOUT_RETURN_TYPE = YES_ERROR;
				GCC_WARN_UNDECLARED_SELECTOR = YES;
				GCC_WARN_UNINITIALIZED_AUTOS = YES_AGGRESSIVE;
				GCC_WARN_UNUSED_FUNCTION = YES;
				GCC_WARN_UNUSED_VARIABLE = YES;
				IPHONEOS_DEPLOYMENT_TARGET = 15.0;
				MTL_ENABLE_DEBUG_INFO = INCLUDE_SOURCE;
				MTL_FAST_MATH = YES;
				ONLY_ACTIVE_ARCH = YES;
				SDKROOT = iphoneos;
				SWIFT_ACTIVE_COMPILATION_CONDITIONS = DEBUG;
				SWIFT_OPTIMIZATION_LEVEL = "-Onone";
			};
			name = Debug;
		};
		11976A8F275D2FAE00784E9F /* Release */ = {
			isa = XCBuildConfiguration;
			buildSettings = {
				ALWAYS_SEARCH_USER_PATHS = NO;
				CLANG_ANALYZER_NONNULL = YES;
				CLANG_ANALYZER_NUMBER_OBJECT_CONVERSION = YES_AGGRESSIVE;
				CLANG_CXX_LANGUAGE_STANDARD = "gnu++17";
				CLANG_CXX_LIBRARY = "libc++";
				CLANG_ENABLE_MODULES = YES;
				CLANG_ENABLE_OBJC_ARC = YES;
				CLANG_ENABLE_OBJC_WEAK = YES;
				CLANG_WARN_BLOCK_CAPTURE_AUTORELEASING = YES;
				CLANG_WARN_BOOL_CONVERSION = YES;
				CLANG_WARN_COMMA = YES;
				CLANG_WARN_CONSTANT_CONVERSION = YES;
				CLANG_WARN_DEPRECATED_OBJC_IMPLEMENTATIONS = YES;
				CLANG_WARN_DIRECT_OBJC_ISA_USAGE = YES_ERROR;
				CLANG_WARN_DOCUMENTATION_COMMENTS = YES;
				CLANG_WARN_EMPTY_BODY = YES;
				CLANG_WARN_ENUM_CONVERSION = YES;
				CLANG_WARN_INFINITE_RECURSION = YES;
				CLANG_WARN_INT_CONVERSION = YES;
				CLANG_WARN_NON_LITERAL_NULL_CONVERSION = YES;
				CLANG_WARN_OBJC_IMPLICIT_RETAIN_SELF = YES;
				CLANG_WARN_OBJC_LITERAL_CONVERSION = YES;
				CLANG_WARN_OBJC_ROOT_CLASS = YES_ERROR;
				CLANG_WARN_QUOTED_INCLUDE_IN_FRAMEWORK_HEADER = YES;
				CLANG_WARN_RANGE_LOOP_ANALYSIS = YES;
				CLANG_WARN_STRICT_PROTOTYPES = YES;
				CLANG_WARN_SUSPICIOUS_MOVE = YES;
				CLANG_WARN_UNGUARDED_AVAILABILITY = YES_AGGRESSIVE;
				CLANG_WARN_UNREACHABLE_CODE = YES;
				CLANG_WARN__DUPLICATE_METHOD_MATCH = YES;
				COPY_PHASE_STRIP = NO;
				DEBUG_INFORMATION_FORMAT = "dwarf-with-dsym";
				ENABLE_NS_ASSERTIONS = NO;
				ENABLE_STRICT_OBJC_MSGSEND = YES;
				GCC_C_LANGUAGE_STANDARD = gnu11;
				GCC_NO_COMMON_BLOCKS = YES;
				GCC_WARN_64_TO_32_BIT_CONVERSION = YES;
				GCC_WARN_ABOUT_RETURN_TYPE = YES_ERROR;
				GCC_WARN_UNDECLARED_SELECTOR = YES;
				GCC_WARN_UNINITIALIZED_AUTOS = YES_AGGRESSIVE;
				GCC_WARN_UNUSED_FUNCTION = YES;
				GCC_WARN_UNUSED_VARIABLE = YES;
				IPHONEOS_DEPLOYMENT_TARGET = 15.0;
				MTL_ENABLE_DEBUG_INFO = NO;
				MTL_FAST_MATH = YES;
				SDKROOT = iphoneos;
				SWIFT_COMPILATION_MODE = wholemodule;
				SWIFT_OPTIMIZATION_LEVEL = "-O";
				VALIDATE_PRODUCT = YES;
			};
			name = Release;
		};
		11976A91275D2FAE00784E9F /* Debug */ = {
			isa = XCBuildConfiguration;
			baseConfigurationReference = E0B56A052FABE0EF007ABB09 /* Pods-fruktoland.debug.xcconfig */;
			buildSettings = {
				ASSETCATALOG_COMPILER_APPICON_NAME = AppIcon;
				ASSETCATALOG_COMPILER_GLOBAL_ACCENT_COLOR_NAME = AccentColor;
				CODE_SIGN_STYLE = Automatic;
				CURRENT_PROJECT_VERSION = 1;
				DEVELOPMENT_ASSET_PATHS = "\"fruktoland/Preview Content\"";
				DEVELOPMENT_TEAM = DHKYX69V83;
				ENABLE_PREVIEWS = YES;
				GENERATE_INFOPLIST_FILE = YES;
				INFOPLIST_KEY_UIApplicationSceneManifest_Generation = YES;
				INFOPLIST_KEY_UIApplicationSupportsIndirectInputEvents = YES;
				INFOPLIST_KEY_UILaunchScreen_Generation = YES;
				INFOPLIST_KEY_UISupportedInterfaceOrientations_iPad = "UIInterfaceOrientationPortrait UIInterfaceOrientationPortraitUpsideDown UIInterfaceOrientationLandscapeLeft UIInterfaceOrientationLandscapeRight";
				INFOPLIST_KEY_UISupportedInterfaceOrientations_iPhone = "UIInterfaceOrientationPortrait UIInterfaceOrientationLandscapeLeft UIInterfaceOrientationLandscapeRight";
				LD_RUNPATH_SEARCH_PATHS = (
					"$(inherited)",
					"@executable_path/Frameworks",
				);
				MARKETING_VERSION = 1.0;
				PRODUCT_BUNDLE_IDENTIFIER = "com.frikto-land.fruktoland";
				PRODUCT_NAME = fruktoland;
				SWIFT_EMIT_LOC_STRINGS = YES;
				SWIFT_VERSION = 5.0;
				TARGETED_DEVICE_FAMILY = "1,2";
			};
			name = Debug;
		};
		11976A92275D2FAE00784E9F /* Release */ = {
			isa = XCBuildConfiguration;
			baseConfigurationReference = 5E65B9D82049B6DECD341911 /* Pods-fruktoland.release.xcconfig */;
			buildSettings = {
				ASSETCATALOG_COMPILER_APPICON_NAME = AppIcon;
				ASSETCATALOG_COMPILER_GLOBAL_ACCENT_COLOR_NAME = AccentColor;
				CODE_SIGN_STYLE = Automatic;
				CURRENT_PROJECT_VERSION = 1;
				DEVELOPMENT_ASSET_PATHS = "\"fruktoland/Preview Content\"";
				DEVELOPMENT_TEAM = DHKYX69V83;
				ENABLE_PREVIEWS = YES;
				GENERATE_INFOPLIST_FILE = YES;
				INFOPLIST_KEY_UIApplicationSceneManifest_Generation = YES;
				INFOPLIST_KEY_UIApplicationSupportsIndirectInputEvents = YES;
				INFOPLIST_KEY_UILaunchScreen_Generation = YES;
				INFOPLIST_KEY_UISupportedInterfaceOrientations_iPad = "UIInterfaceOrientationPortrait UIInterfaceOrientationPortraitUpsideDown UIInterfaceOrientationLandscapeLeft UIInterfaceOrientationLandscapeRight";
				INFOPLIST_KEY_UISupportedInterfaceOrientations_iPhone = "UIInterfaceOrientationPortrait UIInterfaceOrientationLandscapeLeft UIInterfaceOrientationLandscapeRight";
				LD_RUNPATH_SEARCH_PATHS = (
					"$(inherited)",
					"@executable_path/Frameworks",
				);
				MARKETING_VERSION = 1.0;
				PRODUCT_BUNDLE_IDENTIFIER = "com.frikto-land.fruktoland";
				PRODUCT_NAME = fruktoland;
				SWIFT_EMIT_LOC_STRINGS = YES;
				SWIFT_VERSION = 5.0;
				TARGETED_DEVICE_FAMILY = "1,2";
			};
			name = Release;
		};
/* End XCBuildConfiguration section */

/* Begin XCConfigurationList section */
		11976A7D275D2FAD00784E9F /* Build configuration list for PBXProject "fruktoland" */ = {
			isa = XCConfigurationList;
			buildConfigurations = (
				11976A8E275D2FAE00784E9F /* Debug */,
				11976A8F275D2FAE00784E9F /* Release */,
			);
			defaultConfigurationIsVisible = 0;
			defaultConfigurationName = Release;
		};
		11976A90275D2FAE00784E9F /* Build configuration list for PBXNativeTarget "fruktoland" */ = {
			isa = XCConfigurationList;
			buildConfigurations = (
				11976A91275D2FAE00784E9F /* Debug */,
				11976A92275D2FAE00784E9F /* Release */,
			);
			defaultConfigurationIsVisible = 0;
			defaultConfigurationName = Release;
		};
/* End XCConfigurationList section */

/* Begin XCVersionGroup section */
		11C1AFBB2767DCD300229D1C /* FruktoLandModel.xcdatamodeld */ = {
			isa = XCVersionGroup;
			children = (
				11C1AFBC2767DCD300229D1C /* FruktoLandModel.xcdatamodel */,
			);
			currentVersion = 11C1AFBC2767DCD300229D1C /* FruktoLandModel.xcdatamodel */;
			path = FruktoLandModel.xcdatamodeld;
			sourceTree = "<group>";
			versionGroupType = wrapper.xcdatamodel;
		};
/* End XCVersionGroup section */
	};
	rootObject = 11976A7A275D2FAD00784E9F /* Project object */;
}
